
Microsoft Visual Studio Solution File, Format Version 12.00
# Visual Studio 15
VisualStudioVersion = 15.0.27130.2020
MinimumVisualStudioVersion = 10.0.40219.1
Project("{FAE04EC0-301F-11D3-BF4B-00C04F79EFBC}") = "PlayTime", "PlayTime\PlayTime.csproj", "{0C5DA076-8C9C-4181-9F0D-BA672209A95E}"
EndProject
Global
	GlobalSection(SolutionConfigurationPlatforms) = preSolution
		Debug|Any CPU = Debug|Any CPU
		Release|Any CPU = Release|Any CPU
	EndGlobalSection
	GlobalSection(ProjectConfigurationPlatforms) = postSolution
		{0C5DA076-8C9C-4181-9F0D-BA672209A95E}.Debug|Any CPU.ActiveCfg = Debug|Any CPU
		{0C5DA076-8C9C-4181-9F0D-BA672209A95E}.Debug|Any CPU.Build.0 = Debug|Any CPU
		{0C5DA076-8C9C-4181-9F0D-BA672209A95E}.Release|Any CPU.ActiveCfg = Release|Any CPU
		{0C5DA076-8C9C-4181-9F0D-BA672209A95E}.Release|Any CPU.Build.0 = Release|Any CPU
	EndGlobalSection
	GlobalSection(SolutionProperties) = preSolution
		HideSolutionNode = FALSE
	EndGlobalSection
	GlobalSection(ExtensibilityGlobals) = postSolution
		SolutionGuid = {EB7B4B63-F937-40C9-BC44-1B405036DDDD}
	EndGlobalSection
EndGlobal
